{
  "name": "@nineoneninetwo/workspace",
  "lockfileVersion": 3,
  "requires": true,
  "packages": {
    "": {
      "name": "@nineoneninetwo/workspace",
      "workspaces": [
        "discovery",
        "client",
        "mcp",
        "demo"
      ]
    },
    "client": {
      "name": "@nineoneninetwo/client",
      "version": "1.0.5",
      "license": "Apache-2.0",
      "dependencies": {
        "@nineoneninetwo/discovery": "^1.0.5"
      },
      "engines": {
        "node": ">=18"
      }
    },
    "demo": {
      "name": "@nineoneninetwo/demo",
      "version": "1.0.5",
      "license": "Apache-2.0",
      "dependencies": {
        "@nineoneninetwo/client": "^1.0.5"
      },
      "bin": {
        "9192-demo": "bin/9192-demo.mjs"
      },
      "engines": {
        "node": ">=18"
      }
    },
    "discovery": {
      "name": "@nineoneninetwo/discovery",
      "version": "1.0.5",
      "license": "Apache-2.0",
      "engines": {
        "node": ">=18"
      }
    },
    "mcp": {
      "name": "@nineoneninetwo/mcp",
      "version": "1.0.5",
      "license": "Apache-2.0",
      "dependencies": {
        "@nineoneninetwo/client": "^1.0.5"
      },
      "bin": {
        "9192-mcp": "bin/9192-mcp.mjs"
      },
      "engines": {
        "node": ">=18"
      }
    },
    "node_modules/@nineoneninetwo/client": {
      "resolved": "client",
      "link": true
    },
    "node_modules/@nineoneninetwo/demo": {
      "resolved": "demo",
      "link": true
    },
    "node_modules/@nineoneninetwo/discovery": {
      "resolved": "discovery",
      "link": true
    },
    "node_modules/@nineoneninetwo/mcp": {
      "resolved": "mcp",
      "link": true
    }
  }
}
